
Microsoft Visual Studio Solution File, Format Version 12.00
# Visual Studio Version 17
VisualStudioVersion = 17.9.34723.18
MinimumVisualStudioVersion = 10.0.40219.1
Project("{FAE04EC0-301F-11D3-BF4B-00C04F79EFBC}") = "Digital-Archive", "Digital-Archive\Digital-Archive.csproj", "{24EF2CA7-B5C4-488C-8DA7-0ABE8CC52E43}"
EndProject
Global
	GlobalSection(SolutionConfigurationPlatforms) = preSolution
		Debug|Any CPU = Debug|Any CPU
		Release|Any CPU = Release|Any CPU
	EndGlobalSection
	GlobalSection(ProjectConfigurationPlatforms) = postSolution
		{24EF2CA7-B5C4-488C-8DA7-0ABE8CC52E43}.Debug|Any CPU.ActiveCfg = Debug|Any CPU
		{24EF2CA7-B5C4-488C-8DA7-0ABE8CC52E43}.Debug|Any CPU.Build.0 = Debug|Any CPU
		{24EF2CA7-B5C4-488C-8DA7-0ABE8CC52E43}.Release|Any CPU.ActiveCfg = Release|Any CPU
		{24EF2CA7-B5C4-488C-8DA7-0ABE8CC52E43}.Release|Any CPU.Build.0 = Release|Any CPU
	EndGlobalSection
	GlobalSection(SolutionProperties) = preSolution
		HideSolutionNode = FALSE
	EndGlobalSection
	GlobalSection(ExtensibilityGlobals) = postSolution
		SolutionGuid = {4ABD4F23-E18F-4690-B206-743D3CB40EA0}
	EndGlobalSection
EndGlobal
